{
  "version": 1,
  "dependencies": {
    "net9.0": {
      "IDisposableAnalyzers": {
        "type": "Direct",
        "requested": "[4.0.8, 4.0.8]",
        "resolved": "4.0.8",
        "contentHash": "vNi4NMG0CcJyjXxiNDcQ21FwV/whM9o9OEZKD+oP7tuxAqFEzX/x5OhC3OZJqW/w+8GOtCmJPBquYgMWgz0rfQ=="
      },
      "Microsoft.AspNetCore.OpenApi": {
        "type": "Direct",
        "requested": "[9.0.0, )",
        "resolved": "9.0.0",
        "contentHash": "FqUK5j1EOPNuFT7IafltZQ3cakqhSwVzH5ZW1MhZDe4pPXs9sJ2M5jom1Omsu+mwF2tNKKlRAzLRHQTZzbd+6Q==",
        "dependencies": {
          "Microsoft.OpenApi": "1.6.17"
        }
      },
      "Microsoft.CodeAnalysis.NetAnalyzers": {
        "type": "Direct",
        "requested": "[9.0.0, 9.0.0]",
        "resolved": "9.0.0",
        "contentHash": "JajbvkrBgtdRghavIjcJuNHMOja4lqBmEezbhZyqWPYh2cpLhT5mPpfC7NQVDO4IehWQum9t/nwF4v+qQGtYWg=="
      },
      "NodaTime.Serialization.SystemTextJson": {
        "type": "Direct",
        "requested": "[1.2.0, )",
        "resolved": "1.2.0",
        "contentHash": "HNMQdHw6xCrNaHEEvJlBek+uUNI4uySEQhU3t8FibZT9ASMz40y5qkLIwhrHsnXhxUzOPP4tmAGy8PfBwc3zMg==",
        "dependencies": {
          "NodaTime": "[3.0.0, 4.0.0)"
        }
      },
      "SecurityCodeScan.VS2019": {
        "type": "Direct",
        "requested": "[5.6.7, 5.6.7]",
        "resolved": "5.6.7",
        "contentHash": "WIE9RJswdSc2j+rLz2gW6U+gMUjMHzY2j7C/CL8/R2olXNM/+twarfMnWqm+rZodDBvaYDApJyxM8mVYf9FGrQ=="
      },
      "SonarAnalyzer.CSharp": {
        "type": "Direct",
        "requested": "[10.3.0.106239, 10.3.0.106239]",
        "resolved": "10.3.0.106239",
        "contentHash": "Ne5QHx0nUULk7PF+3GIQIC2EnFI93SPRilyqVY6US4JolZOCc9XyUKzvOVsufp7cyrqbOTL07U5mb6poYzllNQ=="
      },
      "Microsoft.OpenApi": {
        "type": "Transitive",
        "resolved": "1.6.17",
        "contentHash": "Le+kehlmrlQfuDFUt1zZ2dVwrhFQtKREdKBo+rexOwaCoYP0/qpgT9tLxCsZjsgR5Itk1UKPcbgO+FyaNid/bA=="
      },
      "NodaTime": {
        "type": "Transitive",
        "resolved": "3.0.0",
        "contentHash": "ZauY6Ihs+abkPCpgIafCj92sl+cDqFbvwrJj9Ga0dteWIYg+A5FeoteBzgzez/cyBeukl2kbDTt4qtpTbHvqOw==",
        "dependencies": {
          "System.Runtime.CompilerServices.Unsafe": "4.7.1"
        }
      },
      "System.Runtime.CompilerServices.Unsafe": {
        "type": "Transitive",
        "resolved": "4.7.1",
        "contentHash": "zOHkQmzPCn5zm/BH+cxC1XbUS3P4Yoi3xzW7eRgVpDR2tPGSzyMZ17Ig1iRkfJuY0nhxkQQde8pgePNiA7z7TQ=="
      },
      "MMonrad.OpenApi.Extensions": {
        "type": "Project",
        "dependencies": {
          "Microsoft.AspNetCore.OpenApi": "[9.0.0, )"
        }
      }
    }
  }
}